// !$*UTF8*$!
{
	archiveVersion = 1;
	classes = {
	};
	objectVersion = 46;
	objects = {

/* Begin PBXBuildFile section */
		85BDCE871537472100772391 /* UIKit.framework in Frameworks */ = {isa = PBXBuildFile; fileRef = 85BDCE861537472100772391 /* UIKit.framework */; };
		85BDCE891537472100772391 /* Foundation.framework in Frameworks */ = {isa = PBXBuildFile; fileRef = 85BDCE881537472100772391 /* Foundation.framework */; };
		85BDCE8B1537472100772391 /* CoreGraphics.framework in Frameworks */ = {isa = PBXBuildFile; fileRef = 85BDCE8A1537472100772391 /* CoreGraphics.framework */; };
		85BDCE911537472100772391 /* InfoPlist.strings in Resources */ = {isa = PBXBuildFile; fileRef = 85BDCE8F1537472100772391 /* InfoPlist.strings */; };
		85BDCE931537472100772391 /* main.m in Sources */ = {isa = PBXBuildFile; fileRef = 85BDCE921537472100772391 /* main.m */; };
		85BDCE971537472100772391 /* RDAppDelegate.m in Sources */ = {isa = PBXBuildFile; fileRef = 85BDCE961537472100772391 /* RDAppDelegate.m */; };
		85BDCE9A1537472100772391 /* MainStoryboard.storyboard in Resources */ = {isa = PBXBuildFile; fileRef = 85BDCE981537472100772391 /* MainStoryboard.storyboard */; };
		85BDCE9D1537472100772391 /* RaceViewController.m in Sources */ = {isa = PBXBuildFile; fileRef = 85BDCE9C1537472100772391 /* RaceViewController.m */; };
		85BDCE9F1537472100772391 /* first.png in Resources */ = {isa = PBXBuildFile; fileRef = 85BDCE9E1537472100772391 /* first.png */; };
		85BDCEA11537472100772391 /* first@2x.png in Resources */ = {isa = PBXBuildFile; fileRef = 85BDCEA01537472100772391 /* first@2x.png */; };
		85BDCEA41537472100772391 /* SettingsViewController.m in Sources */ = {isa = PBXBuildFile; fileRef = 85BDCEA31537472100772391 /* SettingsViewController.m */; };
		85BDCEA61537472100772391 /* second.png in Resources */ = {isa = PBXBuildFile; fileRef = 85BDCEA51537472100772391 /* second.png */; };
		85BDCEA81537472100772391 /* second@2x.png in Resources */ = {isa = PBXBuildFile; fileRef = 85BDCEA71537472100772391 /* second@2x.png */; };
		85BDCEB01537475800772391 /* MapKit.framework in Frameworks */ = {isa = PBXBuildFile; fileRef = 85BDCEAF1537475800772391 /* MapKit.framework */; };
		85BDCEB615374B8300772391 /* CoreLocation.framework in Frameworks */ = {isa = PBXBuildFile; fileRef = 85BDCEB515374B8300772391 /* CoreLocation.framework */; };
		85BDCEBC15374C5500772391 /* CrumbPath.m in Sources */ = {isa = PBXBuildFile; fileRef = 85BDCEB915374C5500772391 /* CrumbPath.m */; };
		85BDCEBD15374C5500772391 /* CrumbPathView.m in Sources */ = {isa = PBXBuildFile; fileRef = 85BDCEBB15374C5500772391 /* CrumbPathView.m */; };
/* End PBXBuildFile section */

/* Begin PBXFileReference section */
		85BDCE821537472100772391 /* Raceday.app */ = {isa = PBXFileReference; explicitFileType = wrapper.application; includeInIndex = 0; path = Raceday.app; sourceTree = BUILT_PRODUCTS_DIR; };
		85BDCE861537472100772391 /* UIKit.framework */ = {isa = PBXFileReference; lastKnownFileType = wrapper.framework; name = UIKit.framework; path = System/Library/Frameworks/UIKit.framework; sourceTree = SDKROOT; };
		85BDCE881537472100772391 /* Foundation.framework */ = {isa = PBXFileReference; lastKnownFileType = wrapper.framework; name = Foundation.framework; path = System/Library/Frameworks/Foundation.framework; sourceTree = SDKROOT; };
		85BDCE8A1537472100772391 /* CoreGraphics.framework */ = {isa = PBXFileReference; lastKnownFileType = wrapper.framework; name = CoreGraphics.framework; path = System/Library/Frameworks/CoreGraphics.framework; sourceTree = SDKROOT; };
		85BDCE8E1537472100772391 /* Raceday-Info.plist */ = {isa = PBXFileReference; lastKnownFileType = text.plist.xml; path = "Raceday-Info.plist"; sourceTree = "<group>"; };
		85BDCE901537472100772391 /* en */ = {isa = PBXFileReference; lastKnownFileType = text.plist.strings; name = en; path = en.lproj/InfoPlist.strings; sourceTree = "<group>"; };
		85BDCE921537472100772391 /* main.m */ = {isa = PBXFileReference; lastKnownFileType = sourcecode.c.objc; path = main.m; sourceTree = "<group>"; };
		85BDCE941537472100772391 /* Raceday-Prefix.pch */ = {isa = PBXFileReference; lastKnownFileType = sourcecode.c.h; path = "Raceday-Prefix.pch"; sourceTree = "<group>"; };
		85BDCE951537472100772391 /* RDAppDelegate.h */ = {isa = PBXFileReference; lastKnownFileType = sourcecode.c.h; path = RDAppDelegate.h; sourceTree = "<group>"; };
		85BDCE961537472100772391 /* RDAppDelegate.m */ = {isa = PBXFileReference; lastKnownFileType = sourcecode.c.objc; path = RDAppDelegate.m; sourceTree = "<group>"; };
		85BDCE991537472100772391 /* en */ = {isa = PBXFileReference; lastKnownFileType = file.storyboard; name = en; path = en.lproj/MainStoryboard.storyboard; sourceTree = "<group>"; };
		85BDCE9B1537472100772391 /* RaceViewController.h */ = {isa = PBXFileReference; lastKnownFileType = sourcecode.c.h; path = RaceViewController.h; sourceTree = "<group>"; };
		85BDCE9C1537472100772391 /* RaceViewController.m */ = {isa = PBXFileReference; lastKnownFileType = sourcecode.c.objc; path = RaceViewController.m; sourceTree = "<group>"; };
		85BDCE9E1537472100772391 /* first.png */ = {isa = PBXFileReference; lastKnownFileType = image.png; path = first.png; sourceTree = "<group>"; };
		85BDCEA01537472100772391 /* first@2x.png */ = {isa = PBXFileReference; lastKnownFileType = image.png; path = "first@2x.png"; sourceTree = "<group>"; };
		85BDCEA21537472100772391 /* SettingsViewController.h */ = {isa = PBXFileReference; path = SettingsViewController.h; sourceTree = "<group>"; };
		85BDCEA31537472100772391 /* SettingsViewController.m */ = {isa = PBXFileReference; lastKnownFileType = sourcecode.c.objc; path = SettingsViewController.m; sourceTree = "<group>"; };
		85BDCEA51537472100772391 /* second.png */ = {isa = PBXFileReference; lastKnownFileType = image.png; path = second.png; sourceTree = "<group>"; };
		85BDCEA71537472100772391 /* second@2x.png */ = {isa = PBXFileReference; lastKnownFileType = image.png; path = "second@2x.png"; sourceTree = "<group>"; };
		85BDCEAE1537474000772391 /* Raceday.entitlements */ = {isa = PBXFileReference; lastKnownFileType = text.xml; path = Raceday.entitlements; sourceTree = "<group>"; };
		85BDCEAF1537475800772391 /* MapKit.framework */ = {isa = PBXFileReference; lastKnownFileType = wrapper.framework; name = MapKit.framework; path = System/Library/Frameworks/MapKit.framework; sourceTree = SDKROOT; };
		85BDCEB515374B8300772391 /* CoreLocation.framework */ = {isa = PBXFileReference; lastKnownFileType = wrapper.framework; name = CoreLocation.framework; path = System/Library/Frameworks/CoreLocation.framework; sourceTree = SDKROOT; };
		85BDCEB815374C5500772391 /* CrumbPath.h */ = {isa = PBXFileReference; fileEncoding = 4; lastKnownFileType = sourcecode.c.h; path = CrumbPath.h; sourceTree = "<group>"; };
		85BDCEB915374C5500772391 /* CrumbPath.m */ = {isa = PBXFileReference; fileEncoding = 4; lastKnownFileType = sourcecode.c.objc; path = CrumbPath.m; sourceTree = "<group>"; };
		85BDCEBA15374C5500772391 /* CrumbPathView.h */ = {isa = PBXFileReference; fileEncoding = 4; lastKnownFileType = sourcecode.c.h; path = CrumbPathView.h; sourceTree = "<group>"; };
		85BDCEBB15374C5500772391 /* CrumbPathView.m */ = {isa = PBXFileReference; fileEncoding = 4; lastKnownFileType = sourcecode.c.objc; path = CrumbPathView.m; sourceTree = "<group>"; };
/* End PBXFileReference section */

/* Begin PBXFrameworksBuildPhase section */
		85BDCE7F1537472100772391 /* Frameworks */ = {
			isa = PBXFrameworksBuildPhase;
			buildActionMask = 2147483647;
			files = (
				85BDCEB615374B8300772391 /* CoreLocation.framework in Frameworks */,
				85BDCEB01537475800772391 /* MapKit.framework in Frameworks */,
				85BDCE871537472100772391 /* UIKit.framework in Frameworks */,
				85BDCE891537472100772391 /* Foundation.framework in Frameworks */,
				85BDCE8B1537472100772391 /* CoreGraphics.framework in Frameworks */,
			);
			runOnlyForDeploymentPostprocessing = 0;
		};
/* End PBXFrameworksBuildPhase section */

/* Begin PBXGroup section */
		85BDCE771537472100772391 = {
			isa = PBXGroup;
			children = (
				85BDCEB515374B8300772391 /* CoreLocation.framework */,
				85BDCEAF1537475800772391 /* MapKit.framework */,
				85BDCE8C1537472100772391 /* Raceday */,
				85BDCE851537472100772391 /* Frameworks */,
				85BDCE831537472100772391 /* Products */,
			);
			sourceTree = "<group>";
		};
		85BDCE831537472100772391 /* Products */ = {
			isa = PBXGroup;
			children = (
				85BDCE821537472100772391 /* Raceday.app */,
			);
			name = Products;
			sourceTree = "<group>";
		};
		85BDCE851537472100772391 /* Frameworks */ = {
			isa = PBXGroup;
			children = (
				85BDCE861537472100772391 /* UIKit.framework */,
				85BDCE881537472100772391 /* Foundation.framework */,
				85BDCE8A1537472100772391 /* CoreGraphics.framework */,
			);
			name = Frameworks;
			sourceTree = "<group>";
		};
		85BDCE8C1537472100772391 /* Raceday */ = {
			isa = PBXGroup;
			children = (
				85BDCEB815374C5500772391 /* CrumbPath.h */,
				85BDCEB915374C5500772391 /* CrumbPath.m */,
				85BDCEBA15374C5500772391 /* CrumbPathView.h */,
				85BDCEBB15374C5500772391 /* CrumbPathView.m */,
				85BDCEAE1537474000772391 /* Raceday.entitlements */,
				85BDCE951537472100772391 /* RDAppDelegate.h */,
				85BDCE961537472100772391 /* RDAppDelegate.m */,
				85BDCE981537472100772391 /* MainStoryboard.storyboard */,
				85BDCE9B1537472100772391 /* RaceViewController.h */,
				85BDCE9C1537472100772391 /* RaceViewController.m */,
				85BDCE9E1537472100772391 /* first.png */,
				85BDCEA01537472100772391 /* first@2x.png */,
				85BDCEA21537472100772391 /* SettingsViewController.h */,
				85BDCEA31537472100772391 /* SettingsViewController.m */,
				85BDCEA51537472100772391 /* second.png */,
				85BDCEA71537472100772391 /* second@2x.png */,
				85BDCE8D1537472100772391 /* Supporting Files */,
			);
			path = Raceday;
			sourceTree = "<group>";
		};
		85BDCE8D1537472100772391 /* Supporting Files */ = {
			isa = PBXGroup;
			children = (
				85BDCE8E1537472100772391 /* Raceday-Info.plist */,
				85BDCE8F1537472100772391 /* InfoPlist.strings */,
				85BDCE921537472100772391 /* main.m */,
				85BDCE941537472100772391 /* Raceday-Prefix.pch */,
			);
			name = "Supporting Files";
			sourceTree = "<group>";
		};
/* End PBXGroup section */

/* Begin PBXNativeTarget section */
		85BDCE811537472100772391 /* Raceday */ = {
			isa = PBXNativeTarget;
			buildConfigurationList = 85BDCEAB1537472100772391 /* Build configuration list for PBXNativeTarget "Raceday" */;
			buildPhases = (
				85BDCE7E1537472100772391 /* Sources */,
				85BDCE7F1537472100772391 /* Frameworks */,
				85BDCE801537472100772391 /* Resources */,
			);
			buildRules = (
			);
			dependencies = (
			);
			name = Raceday;
			productName = Raceday;
			productReference = 85BDCE821537472100772391 /* Raceday.app */;
			productType = "com.apple.product-type.application";
		};
/* End PBXNativeTarget section */

/* Begin PBXProject section */
		85BDCE791537472100772391 /* Project object */ = {
			isa = PBXProject;
			attributes = {
				CLASSPREFIX = RD;
				LastUpgradeCheck = 0430;
				ORGANIZATIONNAME = "Seapine Software";
			};
			buildConfigurationList = 85BDCE7C1537472100772391 /* Build configuration list for PBXProject "Raceday" */;
			compatibilityVersion = "Xcode 3.2";
			developmentRegion = English;
			hasScannedForEncodings = 0;
			knownRegions = (
				en,
			);
			mainGroup = 85BDCE771537472100772391;
			productRefGroup = 85BDCE831537472100772391 /* Products */;
			projectDirPath = "";
			projectRoot = "";
			targets = (
				85BDCE811537472100772391 /* Raceday */,
			);
		};
/* End PBXProject section */

/* Begin PBXResourcesBuildPhase section */
		85BDCE801537472100772391 /* Resources */ = {
			isa = PBXResourcesBuildPhase;
			buildActionMask = 2147483647;
			files = (
				85BDCE911537472100772391 /* InfoPlist.strings in Resources */,
				85BDCE9A1537472100772391 /* MainStoryboard.storyboard in Resources */,
				85BDCE9F1537472100772391 /* first.png in Resources */,
				85BDCEA11537472100772391 /* first@2x.png in Resources */,
				85BDCEA61537472100772391 /* second.png in Resources */,
				85BDCEA81537472100772391 /* second@2x.png in Resources */,
			);
			runOnlyForDeploymentPostprocessing = 0;
		};
/* End PBXResourcesBuildPhase section */

/* Begin PBXSourcesBuildPhase section */
		85BDCE7E1537472100772391 /* Sources */ = {
			isa = PBXSourcesBuildPhase;
			buildActionMask = 2147483647;
			files = (
				85BDCE931537472100772391 /* main.m in Sources */,
				85BDCE971537472100772391 /* RDAppDelegate.m in Sources */,
				85BDCE9D1537472100772391 /* RaceViewController.m in Sources */,
				85BDCEA41537472100772391 /* SettingsViewController.m in Sources */,
				85BDCEBC15374C5500772391 /* CrumbPath.m in Sources */,
				85BDCEBD15374C5500772391 /* CrumbPathView.m in Sources */,
			);
			runOnlyForDeploymentPostprocessing = 0;
		};
/* End PBXSourcesBuildPhase section */

/* Begin PBXVariantGroup section */
		85BDCE8F1537472100772391 /* InfoPlist.strings */ = {
			isa = PBXVariantGroup;
			children = (
				85BDCE901537472100772391 /* en */,
			);
			name = InfoPlist.strings;
			sourceTree = "<group>";
		};
		85BDCE981537472100772391 /* MainStoryboard.storyboard */ = {
			isa = PBXVariantGroup;
			children = (
				85BDCE991537472100772391 /* en */,
			);
			name = MainStoryboard.storyboard;
			sourceTree = "<group>";
		};
/* End PBXVariantGroup section */

/* Begin XCBuildConfiguration section */
		85BDCEA91537472100772391 /* Debug */ = {
			isa = XCBuildConfiguration;
			buildSettings = {
				ALWAYS_SEARCH_USER_PATHS = NO;
				ARCHS = "$(ARCHS_STANDARD_32_BIT)";
				CLANG_ENABLE_OBJC_ARC = YES;
				"CODE_SIGN_IDENTITY[sdk=iphoneos*]" = "iPhone Developer";
				COPY_PHASE_STRIP = NO;
				GCC_C_LANGUAGE_STANDARD = gnu99;
				GCC_DYNAMIC_NO_PIC = NO;
				GCC_OPTIMIZATION_LEVEL = 0;
				GCC_PREPROCESSOR_DEFINITIONS = (
					"DEBUG=1",
					"$(inherited)",
				);
				GCC_SYMBOLS_PRIVATE_EXTERN = NO;
				GCC_VERSION = com.apple.compilers.llvm.clang.1_0;
				GCC_WARN_ABOUT_RETURN_TYPE = YES;
				GCC_WARN_UNINITIALIZED_AUTOS = YES;
				GCC_WARN_UNUSED_VARIABLE = YES;
				IPHONEOS_DEPLOYMENT_TARGET = 5.1;
				SDKROOT = iphoneos;
			};
			name = Debug;
		};
		85BDCEAA1537472100772391 /* Release */ = {
			isa = XCBuildConfiguration;
			buildSettings = {
				ALWAYS_SEARCH_USER_PATHS = NO;
				ARCHS = "$(ARCHS_STANDARD_32_BIT)";
				CLANG_ENABLE_OBJC_ARC = YES;
				"CODE_SIGN_IDENTITY[sdk=iphoneos*]" = "iPhone Developer";
				COPY_PHASE_STRIP = YES;
				GCC_C_LANGUAGE_STANDARD = gnu99;
				GCC_VERSION = com.apple.compilers.llvm.clang.1_0;
				GCC_WARN_ABOUT_RETURN_TYPE = YES;
				GCC_WARN_UNINITIALIZED_AUTOS = YES;
				GCC_WARN_UNUSED_VARIABLE = YES;
				IPHONEOS_DEPLOYMENT_TARGET = 5.1;
				OTHER_CFLAGS = "-DNS_BLOCK_ASSERTIONS=1";
				SDKROOT = iphoneos;
				VALIDATE_PRODUCT = YES;
			};
			name = Release;
		};
		85BDCEAC1537472100772391 /* Debug */ = {
			isa = XCBuildConfiguration;
			buildSettings = {
				GCC_PRECOMPILE_PREFIX_HEADER = YES;
				GCC_PREFIX_HEADER = "Raceday/Raceday-Prefix.pch";
				INFOPLIST_FILE = "Raceday/Raceday-Info.plist";
				PRODUCT_NAME = "$(TARGET_NAME)";
				WRAPPER_EXTENSION = app;
			};
			name = Debug;
		};
		85BDCEAD1537472100772391 /* Release */ = {
			isa = XCBuildConfiguration;
			buildSettings = {
				GCC_PRECOMPILE_PREFIX_HEADER = YES;
				GCC_PREFIX_HEADER = "Raceday/Raceday-Prefix.pch";
				INFOPLIST_FILE = "Raceday/Raceday-Info.plist";
				PRODUCT_NAME = "$(TARGET_NAME)";
				WRAPPER_EXTENSION = app;
			};
			name = Release;
		};
/* End XCBuildConfiguration section */

/* Begin XCConfigurationList section */
		85BDCE7C1537472100772391 /* Build configuration list for PBXProject "Raceday" */ = {
			isa = XCConfigurationList;
			buildConfigurations = (
				85BDCEA91537472100772391 /* Debug */,
				85BDCEAA1537472100772391 /* Release */,
			);
			defaultConfigurationIsVisible = 0;
			defaultConfigurationName = Release;
		};
		85BDCEAB1537472100772391 /* Build configuration list for PBXNativeTarget "Raceday" */ = {
			isa = XCConfigurationList;
			buildConfigurations = (
				85BDCEAC1537472100772391 /* Debug */,
				85BDCEAD1537472100772391 /* Release */,
			);
			defaultConfigurationIsVisible = 0;
			defaultConfigurationName = Release;
		};
/* End XCConfigurationList section */
	};
	rootObject = 85BDCE791537472100772391 /* Project object */;
}
